
Microsoft Visual Studio Solution File, Format Version 12.00
# Visual Studio Version 16
VisualStudioVersion = 16.0.32510.428
MinimumVisualStudioVersion = 10.0.40219.1
Project("{FAE04EC0-301F-11D3-BF4B-00C04F79EFBC}") = "AtkinsWebAppReact", "AtkinsWebAppReact\AtkinsWebAppReact.csproj", "{EB61D32C-1106-48CB-9EEF-8F806AFB8288}"
EndProject
Global
	GlobalSection(SolutionConfigurationPlatforms) = preSolution
		Debug|Any CPU = Debug|Any CPU
		Release|Any CPU = Release|Any CPU
	EndGlobalSection
	GlobalSection(ProjectConfigurationPlatforms) = postSolution
		{EB61D32C-1106-48CB-9EEF-8F806AFB8288}.Debug|Any CPU.ActiveCfg = Debug|Any CPU
		{EB61D32C-1106-48CB-9EEF-8F806AFB8288}.Debug|Any CPU.Build.0 = Debug|Any CPU
		{EB61D32C-1106-48CB-9EEF-8F806AFB8288}.Release|Any CPU.ActiveCfg = Release|Any CPU
		{EB61D32C-1106-48CB-9EEF-8F806AFB8288}.Release|Any CPU.Build.0 = Release|Any CPU
	EndGlobalSection
	GlobalSection(SolutionProperties) = preSolution
		HideSolutionNode = FALSE
	EndGlobalSection
	GlobalSection(ExtensibilityGlobals) = postSolution
		SolutionGuid = {4344F338-4147-497E-9D81-3D1FABC33846}
	EndGlobalSection
EndGlobal
